{
  "nodes": {
    "flake-compat": {
      "flake": false,
      "locked": {
        "lastModified": 1767039857,
        "narHash": "sha256-vNpUSpF5Nuw8xvDLj2KCwwksIbjua2LZCqhV1LNRDns=",
        "owner": "edolstra",
        "repo": "flake-compat",
        "rev": "5edf11c44bc78a0d334f6334cdaf7d60d732daab",
        "type": "github"
      },
      "original": {
        "owner": "edolstra",
        "repo": "flake-compat",
        "type": "github"
      }
    },
    "gitutils-nvim": {
      "inputs": {
        "nixpkgs": [
          "nixpkgs"
        ]
      },
      "locked": {
        "lastModified": 1775686024,
        "narHash": "sha256-QUSBYBxqhLBN9M+lMK+IziJTMedRohEwVkQi594IXqs=",
        "owner": "thibautvas",
        "repo": "gitutils.nvim",
        "rev": "a6c93c7285146469be097d60e4c36e910287e700",
        "type": "github"
      },
      "original": {
        "owner": "thibautvas",
        "repo": "gitutils.nvim",
        "type": "github"
      }
    },
    "home-manager": {
      "inputs": {
        "nixpkgs": [
          "nixpkgs"
        ]
      },
      "locked": {
        "lastModified": 1780883961,
        "narHash": "sha256-WU6SUrESuPiEXEUvX4D51AgWrXRJty+sLJBwBaDBGqE=",
        "owner": "nix-community",
        "repo": "home-manager",
        "rev": "4eb4fec41674d5b059aa2eedf0f98453890546fa",
        "type": "github"
      },
      "original": {
        "owner": "nix-community",
        "ref": "release-26.05",
        "repo": "home-manager",
        "type": "github"
      }
    },
    "nix-darwin": {
      "inputs": {
        "nixpkgs": [
          "nixpkgs"
        ]
      },
      "locked": {
        "lastModified": 1780789116,
        "narHash": "sha256-+/LcDMJGYQVLp3ECZ1jBhj3GcQU+Yt+OTsDsQFz8cMs=",
        "owner": "nix-darwin",
        "repo": "nix-darwin",
        "rev": "731951a251ca96cbd12a8e1bde63737e21947644",
        "type": "github"
      },
      "original": {
        "owner": "nix-darwin",
        "ref": "nix-darwin-26.05",
        "repo": "nix-darwin",
        "type": "github"
      }
    },
    "nixos-wsl": {
      "inputs": {
        "flake-compat": "flake-compat",
        "nixpkgs": [
          "nixpkgs"
        ]
      },
      "locked": {
        "lastModified": 1780705040,
        "narHash": "sha256-pVadZqLm8RJcwLuDzJm7d2KO6e+RHPpIa/2qdqtn+B4=",
        "owner": "nix-community",
        "repo": "nixos-wsl",
        "rev": "add6b01c7ca72240046b5d541a74845423f1ee35",
        "type": "github"
      },
      "original": {
        "owner": "nix-community",
        "ref": "release-26.05",
        "repo": "nixos-wsl",
        "type": "github"
      }
    },
    "nixpkgs": {
      "locked": {
        "lastModified": 1780902259,
        "narHash": "sha256-q8yYEC5f1mFlQO9RGna4LTc9QrcvWunX6FYp83munkQ=",
        "owner": "nixos",
        "repo": "nixpkgs",
        "rev": "bd0ff2d3eac24699c3664d5966b9ef36f388e2ca",
        "type": "github"
      },
      "original": {
        "owner": "nixos",
        "ref": "nixos-26.05",
        "repo": "nixpkgs",
        "type": "github"
      }
    },
    "nixpkgs-unstable": {
      "locked": {
        "lastModified": 1780749050,
        "narHash": "sha256-3av0pIjlOWQ6rDbNOmpUSvbNnJkGORQKKjb4LtCZsIY=",
        "owner": "nixos",
        "repo": "nixpkgs",
        "rev": "a799d3e3886da994fa307f817a6bc705ae538eeb",
        "type": "github"
      },
      "original": {
        "owner": "nixos",
        "ref": "nixos-unstable",
        "repo": "nixpkgs",
        "type": "github"
      }
    },
    "root": {
      "inputs": {
        "gitutils-nvim": "gitutils-nvim",
        "home-manager": "home-manager",
        "nix-darwin": "nix-darwin",
        "nixos-wsl": "nixos-wsl",
        "nixpkgs": "nixpkgs",
        "nixpkgs-unstable": "nixpkgs-unstable",
        "templates": "templates",
        "zen-browser": "zen-browser"
      }
    },
    "templates": {
      "inputs": {
        "nixpkgs": [
          "nixpkgs"
        ]
      },
      "locked": {
        "lastModified": 1769198529,
        "narHash": "sha256-3KJgXzfWKN71u9+N59/lwQPt/lUBycp18hItU/eDMl4=",
        "owner": "thibautvas",
        "repo": "flake-templates",
        "rev": "3f5a4e46de3ee4ca8484751a014ba624971572fc",
        "type": "github"
      },
      "original": {
        "owner": "thibautvas",
        "repo": "flake-templates",
        "type": "github"
      }
    },
    "zen-browser": {
      "inputs": {
        "home-manager": [
          "home-manager"
        ],
        "nixpkgs": [
          "nixpkgs"
        ]
      },
      "locked": {
        "lastModified": 1780897889,
        "narHash": "sha256-+MeF3tMeeo2gw16AUr0Tk1JnIwu9e5v6ri4OGOXLM2A=",
        "owner": "0xc000022070",
        "repo": "zen-browser-flake",
        "rev": "a7bea35003ffc9cfa914c53338eff754e1b9f7b8",
        "type": "github"
      },
      "original": {
        "owner": "0xc000022070",
        "repo": "zen-browser-flake",
        "type": "github"
      }
    }
  },
  "root": "root",
  "version": 7
}
